# Generated lock file for stock-tweet-grok-trader
# Based on pyproject.toml; install with: pip install -r requirements.lock
beautifulsoup4==4.12.3
eth-account==0.13.0
fastapi==0.112.0
openai==1.40.0
py-clob-client>=0.34.6
pydantic==2.8.2
python-dotenv==1.0.1
requests==2.32.3
rich==13.7.1
tweepy==4.14.0
uvicorn==0.30.5
websocket-client==1.8.0
xai-sdk==0.3.0
